
Microsoft Visual Studio Solution File, Format Version 12.00
# Visual Studio 15
VisualStudioVersion = 15.0.26430.15
MinimumVisualStudioVersion = 10.0.40219.1
Project("{FAE04EC0-301F-11D3-BF4B-00C04F79EFBC}") = "PT.Web.MVC", "PT.Web.MVC\PT.Web.MVC.csproj", "{7F78B73F-AAC2-41E5-ADBA-56A0B331987B}"
EndProject
Project("{FAE04EC0-301F-11D3-BF4B-00C04F79EFBC}") = "PT.Entity", "PT.Entity\PT.Entity.csproj", "{51DA5AC3-AEB3-445F-9C53-F31FC6D192A2}"
EndProject
Project("{FAE04EC0-301F-11D3-BF4B-00C04F79EFBC}") = "PT.DAL", "PT.DAL\PT.DAL.csproj", "{86A9FF87-794C-40FB-ADEB-B9E3DF8A7D89}"
EndProject
Project("{FAE04EC0-301F-11D3-BF4B-00C04F79EFBC}") = "PT.BLL", "PT.BLL\PT.BLL.csproj", "{0595B5EF-821B-4777-9B90-FD664D84FDAB}"
EndProject
Global
	GlobalSection(SolutionConfigurationPlatforms) = preSolution
		Debug|Any CPU = Debug|Any CPU
		Release|Any CPU = Release|Any CPU
	EndGlobalSection
	GlobalSection(ProjectConfigurationPlatforms) = postSolution
		{7F78B73F-AAC2-41E5-ADBA-56A0B331987B}.Debug|Any CPU.ActiveCfg = Debug|Any CPU
		{7F78B73F-AAC2-41E5-ADBA-56A0B331987B}.Debug|Any CPU.Build.0 = Debug|Any CPU
		{7F78B73F-AAC2-41E5-ADBA-56A0B331987B}.Release|Any CPU.ActiveCfg = Release|Any CPU
		{7F78B73F-AAC2-41E5-ADBA-56A0B331987B}.Release|Any CPU.Build.0 = Release|Any CPU
		{51DA5AC3-AEB3-445F-9C53-F31FC6D192A2}.Debug|Any CPU.ActiveCfg = Debug|Any CPU
		{51DA5AC3-AEB3-445F-9C53-F31FC6D192A2}.Debug|Any CPU.Build.0 = Debug|Any CPU
		{51DA5AC3-AEB3-445F-9C53-F31FC6D192A2}.Release|Any CPU.ActiveCfg = Release|Any CPU
		{51DA5AC3-AEB3-445F-9C53-F31FC6D192A2}.Release|Any CPU.Build.0 = Release|Any CPU
		{86A9FF87-794C-40FB-ADEB-B9E3DF8A7D89}.Debug|Any CPU.ActiveCfg = Debug|Any CPU
		{86A9FF87-794C-40FB-ADEB-B9E3DF8A7D89}.Debug|Any CPU.Build.0 = Debug|Any CPU
		{86A9FF87-794C-40FB-ADEB-B9E3DF8A7D89}.Release|Any CPU.ActiveCfg = Release|Any CPU
		{86A9FF87-794C-40FB-ADEB-B9E3DF8A7D89}.Release|Any CPU.Build.0 = Release|Any CPU
		{0595B5EF-821B-4777-9B90-FD664D84FDAB}.Debug|Any CPU.ActiveCfg = Debug|Any CPU
		{0595B5EF-821B-4777-9B90-FD664D84FDAB}.Debug|Any CPU.Build.0 = Debug|Any CPU
		{0595B5EF-821B-4777-9B90-FD664D84FDAB}.Release|Any CPU.ActiveCfg = Release|Any CPU
		{0595B5EF-821B-4777-9B90-FD664D84FDAB}.Release|Any CPU.Build.0 = Release|Any CPU
	EndGlobalSection
	GlobalSection(SolutionProperties) = preSolution
		HideSolutionNode = FALSE
	EndGlobalSection
EndGlobal
